
Microsoft Visual Studio Solution File, Format Version 12.00
# Visual Studio Version 17
VisualStudioVersion = 17.14.36616.10
MinimumVisualStudioVersion = 10.0.40219.1
Project("{FAE04EC0-301F-11D3-BF4B-00C04F79EFBC}") = "M001", "M001\M001.csproj", "{2BA7DF50-C107-40ED-803E-53A14A47A56D}"
EndProject
Project("{FAE04EC0-301F-11D3-BF4B-00C04F79EFBC}") = "M002", "M002\M002.csproj", "{0A61FA84-D42F-4D2F-AE7E-F4B5E3DBAD97}"
EndProject
Project("{FAE04EC0-301F-11D3-BF4B-00C04F79EFBC}") = "M003", "M003\M003.csproj", "{8D562295-BA5D-4ED6-8605-F829539F1AF3}"
EndProject
Project("{FAE04EC0-301F-11D3-BF4B-00C04F79EFBC}") = "M004", "M004\M004.csproj", "{9262C7DB-513D-4813-B1C6-46D86D418103}"
EndProject
Project("{2150E333-8FDC-42A3-9474-1A3956D46DE8}") = "Projektmappenelemente", "Projektmappenelemente", "{84D27F74-D2BA-6C25-2661-968F101900D9}"
	ProjectSection(SolutionItems) = preProject
		Shortcuts.txt = Shortcuts.txt
	EndProjectSection
EndProject
Project("{FAE04EC0-301F-11D3-BF4B-00C04F79EFBC}") = "M000", "M000\M000.csproj", "{FF85E8BC-5CBD-47DC-8CB3-918206974AFD}"
EndProject
Project("{FAE04EC0-301F-11D3-BF4B-00C04F79EFBC}") = "M005", "M005\M005.csproj", "{83922868-EF23-4A4B-BCE3-741E27361622}"
EndProject
Project("{FAE04EC0-301F-11D3-BF4B-00C04F79EFBC}") = "M006", "M006\M006.csproj", "{B0DAF62E-A723-4211-9A3A-337D35F087C8}"
EndProject
Project("{FAE04EC0-301F-11D3-BF4B-00C04F79EFBC}") = "M007", "M007\M007.csproj", "{C356CB5E-F0DA-4722-801D-CCA378D4A454}"
EndProject
Project("{FAE04EC0-301F-11D3-BF4B-00C04F79EFBC}") = "M008", "M008\M008.csproj", "{E3243153-152C-48EF-B373-DFD2CFD268F0}"
EndProject
Project("{FAE04EC0-301F-11D3-BF4B-00C04F79EFBC}") = "M009", "M009\M009.csproj", "{C26B845F-C54C-4937-B22B-F4C8760AE0CF}"
EndProject
Global
	GlobalSection(SolutionConfigurationPlatforms) = preSolution
		Debug|Any CPU = Debug|Any CPU
		Release|Any CPU = Release|Any CPU
	EndGlobalSection
	GlobalSection(ProjectConfigurationPlatforms) = postSolution
		{2BA7DF50-C107-40ED-803E-53A14A47A56D}.Debug|Any CPU.ActiveCfg = Debug|Any CPU
		{2BA7DF50-C107-40ED-803E-53A14A47A56D}.Debug|Any CPU.Build.0 = Debug|Any CPU
		{2BA7DF50-C107-40ED-803E-53A14A47A56D}.Release|Any CPU.ActiveCfg = Release|Any CPU
		{2BA7DF50-C107-40ED-803E-53A14A47A56D}.Release|Any CPU.Build.0 = Release|Any CPU
		{0A61FA84-D42F-4D2F-AE7E-F4B5E3DBAD97}.Debug|Any CPU.ActiveCfg = Debug|Any CPU
		{0A61FA84-D42F-4D2F-AE7E-F4B5E3DBAD97}.Debug|Any CPU.Build.0 = Debug|Any CPU
		{0A61FA84-D42F-4D2F-AE7E-F4B5E3DBAD97}.Release|Any CPU.ActiveCfg = Release|Any CPU
		{0A61FA84-D42F-4D2F-AE7E-F4B5E3DBAD97}.Release|Any CPU.Build.0 = Release|Any CPU
		{8D562295-BA5D-4ED6-8605-F829539F1AF3}.Debug|Any CPU.ActiveCfg = Debug|Any CPU
		{8D562295-BA5D-4ED6-8605-F829539F1AF3}.Debug|Any CPU.Build.0 = Debug|Any CPU
		{8D562295-BA5D-4ED6-8605-F829539F1AF3}.Release|Any CPU.ActiveCfg = Release|Any CPU
		{8D562295-BA5D-4ED6-8605-F829539F1AF3}.Release|Any CPU.Build.0 = Release|Any CPU
		{9262C7DB-513D-4813-B1C6-46D86D418103}.Debug|Any CPU.ActiveCfg = Debug|Any CPU
		{9262C7DB-513D-4813-B1C6-46D86D418103}.Debug|Any CPU.Build.0 = Debug|Any CPU
		{9262C7DB-513D-4813-B1C6-46D86D418103}.Release|Any CPU.ActiveCfg = Release|Any CPU
		{9262C7DB-513D-4813-B1C6-46D86D418103}.Release|Any CPU.Build.0 = Release|Any CPU
		{FF85E8BC-5CBD-47DC-8CB3-918206974AFD}.Debug|Any CPU.ActiveCfg = Debug|Any CPU
		{FF85E8BC-5CBD-47DC-8CB3-918206974AFD}.Debug|Any CPU.Build.0 = Debug|Any CPU
		{FF85E8BC-5CBD-47DC-8CB3-918206974AFD}.Release|Any CPU.ActiveCfg = Release|Any CPU
		{FF85E8BC-5CBD-47DC-8CB3-918206974AFD}.Release|Any CPU.Build.0 = Release|Any CPU
		{83922868-EF23-4A4B-BCE3-741E27361622}.Debug|Any CPU.ActiveCfg = Debug|Any CPU
		{83922868-EF23-4A4B-BCE3-741E27361622}.Debug|Any CPU.Build.0 = Debug|Any CPU
		{83922868-EF23-4A4B-BCE3-741E27361622}.Release|Any CPU.ActiveCfg = Release|Any CPU
		{83922868-EF23-4A4B-BCE3-741E27361622}.Release|Any CPU.Build.0 = Release|Any CPU
		{B0DAF62E-A723-4211-9A3A-337D35F087C8}.Debug|Any CPU.ActiveCfg = Debug|Any CPU
		{B0DAF62E-A723-4211-9A3A-337D35F087C8}.Debug|Any CPU.Build.0 = Debug|Any CPU
		{B0DAF62E-A723-4211-9A3A-337D35F087C8}.Release|Any CPU.ActiveCfg = Release|Any CPU
		{B0DAF62E-A723-4211-9A3A-337D35F087C8}.Release|Any CPU.Build.0 = Release|Any CPU
		{C356CB5E-F0DA-4722-801D-CCA378D4A454}.Debug|Any CPU.ActiveCfg = Debug|Any CPU
		{C356CB5E-F0DA-4722-801D-CCA378D4A454}.Debug|Any CPU.Build.0 = Debug|Any CPU
		{C356CB5E-F0DA-4722-801D-CCA378D4A454}.Release|Any CPU.ActiveCfg = Release|Any CPU
		{C356CB5E-F0DA-4722-801D-CCA378D4A454}.Release|Any CPU.Build.0 = Release|Any CPU
		{E3243153-152C-48EF-B373-DFD2CFD268F0}.Debug|Any CPU.ActiveCfg = Debug|Any CPU
		{E3243153-152C-48EF-B373-DFD2CFD268F0}.Debug|Any CPU.Build.0 = Debug|Any CPU
		{E3243153-152C-48EF-B373-DFD2CFD268F0}.Release|Any CPU.ActiveCfg = Release|Any CPU
		{E3243153-152C-48EF-B373-DFD2CFD268F0}.Release|Any CPU.Build.0 = Release|Any CPU
		{C26B845F-C54C-4937-B22B-F4C8760AE0CF}.Debug|Any CPU.ActiveCfg = Debug|Any CPU
		{C26B845F-C54C-4937-B22B-F4C8760AE0CF}.Debug|Any CPU.Build.0 = Debug|Any CPU
		{C26B845F-C54C-4937-B22B-F4C8760AE0CF}.Release|Any CPU.ActiveCfg = Release|Any CPU
		{C26B845F-C54C-4937-B22B-F4C8760AE0CF}.Release|Any CPU.Build.0 = Release|Any CPU
	EndGlobalSection
	GlobalSection(SolutionProperties) = preSolution
		HideSolutionNode = FALSE
	EndGlobalSection
	GlobalSection(ExtensibilityGlobals) = postSolution
		SolutionGuid = {3EFF53F2-E391-4DB8-80E6-DC251E59C8AC}
	EndGlobalSection
EndGlobal
